
Microsoft Visual Studio Solution File, Format Version 12.00
# Visual Studio Version 17
VisualStudioVersion = 17.3.32929.385
MinimumVisualStudioVersion = 10.0.40219.1
Project("{FAE04EC0-301F-11D3-BF4B-00C04F79EFBC}") = "Prop_CW_CS", "Prop_CW_CS\Prop_CW_CS.csproj", "{F03EFEA0-17C8-4F27-956F-904C396BC8FE}"
EndProject
Global
	GlobalSection(SolutionConfigurationPlatforms) = preSolution
		Debug|Any CPU = Debug|Any CPU
		Release|Any CPU = Release|Any CPU
	EndGlobalSection
	GlobalSection(ProjectConfigurationPlatforms) = postSolution
		{F03EFEA0-17C8-4F27-956F-904C396BC8FE}.Debug|Any CPU.ActiveCfg = Debug|Any CPU
		{F03EFEA0-17C8-4F27-956F-904C396BC8FE}.Debug|Any CPU.Build.0 = Debug|Any CPU
		{F03EFEA0-17C8-4F27-956F-904C396BC8FE}.Release|Any CPU.ActiveCfg = Release|Any CPU
		{F03EFEA0-17C8-4F27-956F-904C396BC8FE}.Release|Any CPU.Build.0 = Release|Any CPU
	EndGlobalSection
	GlobalSection(SolutionProperties) = preSolution
		HideSolutionNode = FALSE
	EndGlobalSection
	GlobalSection(ExtensibilityGlobals) = postSolution
		SolutionGuid = {666E5C0B-F4D1-415A-90BD-1AFD2A394071}
	EndGlobalSection
EndGlobal
